// !$*UTF8*$!
{
	archiveVersion = 1;
	classes = {
	};
	objectVersion = 60;
	objects = {

/* Begin PBXBuildFile section */
		4FE08D102B54EB1B003D9FE2 /* AppDelegate.mm in Sources */ = {isa = PBXBuildFile; fileRef = 4FE08D0F2B54EB1B003D9FE2 /* AppDelegate.mm */; };
		4FE08D152B54EB1C003D9FE2 /* Assets.xcassets in Resources */ = {isa = PBXBuildFile; fileRef = 4FE08D142B54EB1C003D9FE2 /* Assets.xcassets */; };
		4FE08D1A2B54EB1C003D9FE2 /* main.mm in Sources */ = {isa = PBXBuildFile; fileRef = 4FE08D192B54EB1C003D9FE2 /* main.mm */; };
		4FE08D232B54EB34003D9FE2 /* SwainCore in Frameworks */ = {isa = PBXBuildFile; productRef = 4FE08D222B54EB34003D9FE2 /* SwainCore */; };
		4FE08D262B54F7FF003D9FE2 /* CoreData.framework in Frameworks */ = {isa = PBXBuildFile; fileRef = 4FE08D252B54F7FF003D9FE2 /* CoreData.framework */; };
		4FE08D282B54F803003D9FE2 /* Cocoa.framework in Frameworks */ = {isa = PBXBuildFile; fileRef = 4FE08D272B54F803003D9FE2 /* Cocoa.framework */; };
		4FE08D2A2B54F807003D9FE2 /* QuartzCore.framework in Frameworks */ = {isa = PBXBuildFile; fileRef = 4FE08D292B54F807003D9FE2 /* QuartzCore.framework */; };
		4FE08D2C2B54F80C003D9FE2 /* CoreGraphics.framework in Frameworks */ = {isa = PBXBuildFile; fileRef = 4FE08D2B2B54F80C003D9FE2 /* CoreGraphics.framework */; };
		4FE08D302B54F8AB003D9FE2 /* MainWindow.mm in Sources */ = {isa = PBXBuildFile; fileRef = 4FE08D2F2B54F8AB003D9FE2 /* MainWindow.mm */; };
		4FE08D332B54FB2E003D9FE2 /* MainSidebarViewController.mm in Sources */ = {isa = PBXBuildFile; fileRef = 4FE08D322B54FB2E003D9FE2 /* MainSidebarViewController.mm */; };
		4FE08D362B54FB79003D9FE2 /* NSObject+Foundation_IvarDescription.mm in Sources */ = {isa = PBXBuildFile; fileRef = 4FE08D352B54FB79003D9FE2 /* NSObject+Foundation_IvarDescription.mm */; };
		4FE08D3A2B54FE80003D9FE2 /* ToolchainsViewController.mm in Sources */ = {isa = PBXBuildFile; fileRef = 4FE08D392B54FE80003D9FE2 /* ToolchainsViewController.mm */; };
		4FE08D442B5511B9003D9FE2 /* MainSidebarTableCellView.mm in Sources */ = {isa = PBXBuildFile; fileRef = 4FE08D432B5511B9003D9FE2 /* MainSidebarTableCellView.mm */; };
		4FE08D462B5511C3003D9FE2 /* MainSidebarTableCellView.xib in Resources */ = {isa = PBXBuildFile; fileRef = 4FE08D452B5511C3003D9FE2 /* MainSidebarTableCellView.xib */; };
/* End PBXBuildFile section */

/* Begin PBXFileReference section */
		4FE08D0B2B54EB1B003D9FE2 /* Swain.app */ = {isa = PBXFileReference; explicitFileType = wrapper.application; includeInIndex = 0; path = Swain.app; sourceTree = BUILT_PRODUCTS_DIR; };
		4FE08D0E2B54EB1B003D9FE2 /* AppDelegate.hpp */ = {isa = PBXFileReference; lastKnownFileType = sourcecode.cpp.h; path = AppDelegate.hpp; sourceTree = "<group>"; };
		4FE08D0F2B54EB1B003D9FE2 /* AppDelegate.mm */ = {isa = PBXFileReference; lastKnownFileType = sourcecode.cpp.objcpp; path = AppDelegate.mm; sourceTree = "<group>"; };
		4FE08D142B54EB1C003D9FE2 /* Assets.xcassets */ = {isa = PBXFileReference; lastKnownFileType = folder.assetcatalog; path = Assets.xcassets; sourceTree = "<group>"; };
		4FE08D192B54EB1C003D9FE2 /* main.mm */ = {isa = PBXFileReference; lastKnownFileType = sourcecode.cpp.objcpp; path = main.mm; sourceTree = "<group>"; };
		4FE08D1B2B54EB1C003D9FE2 /* Swain.entitlements */ = {isa = PBXFileReference; lastKnownFileType = text.plist.entitlements; path = Swain.entitlements; sourceTree = "<group>"; };
		4FE08D252B54F7FF003D9FE2 /* CoreData.framework */ = {isa = PBXFileReference; lastKnownFileType = wrapper.framework; name = CoreData.framework; path = System/Library/Frameworks/CoreData.framework; sourceTree = SDKROOT; };
		4FE08D272B54F803003D9FE2 /* Cocoa.framework */ = {isa = PBXFileReference; lastKnownFileType = wrapper.framework; name = Cocoa.framework; path = System/Library/Frameworks/Cocoa.framework; sourceTree = SDKROOT; };
		4FE08D292B54F807003D9FE2 /* QuartzCore.framework */ = {isa = PBXFileReference; lastKnownFileType = wrapper.framework; name = QuartzCore.framework; path = System/Library/Frameworks/QuartzCore.framework; sourceTree = SDKROOT; };
		4FE08D2B2B54F80C003D9FE2 /* CoreGraphics.framework */ = {isa = PBXFileReference; lastKnownFileType = wrapper.framework; name = CoreGraphics.framework; path = System/Library/Frameworks/CoreGraphics.framework; sourceTree = SDKROOT; };
		4FE08D2E2B54F8AB003D9FE2 /* MainWindow.hpp */ = {isa = PBXFileReference; lastKnownFileType = sourcecode.cpp.h; path = MainWindow.hpp; sourceTree = "<group>"; };
		4FE08D2F2B54F8AB003D9FE2 /* MainWindow.mm */ = {isa = PBXFileReference; lastKnownFileType = sourcecode.cpp.objcpp; path = MainWindow.mm; sourceTree = "<group>"; };
		4FE08D312B54FB2E003D9FE2 /* MainSidebarViewController.hpp */ = {isa = PBXFileReference; lastKnownFileType = sourcecode.cpp.h; path = MainSidebarViewController.hpp; sourceTree = "<group>"; };
		4FE08D322B54FB2E003D9FE2 /* MainSidebarViewController.mm */ = {isa = PBXFileReference; lastKnownFileType = sourcecode.cpp.objcpp; path = MainSidebarViewController.mm; sourceTree = "<group>"; };
		4FE08D342B54FB79003D9FE2 /* NSObject+Foundation_IvarDescription.h */ = {isa = PBXFileReference; fileEncoding = 4; lastKnownFileType = sourcecode.c.h; path = "NSObject+Foundation_IvarDescription.h"; sourceTree = "<group>"; };
		4FE08D352B54FB79003D9FE2 /* NSObject+Foundation_IvarDescription.mm */ = {isa = PBXFileReference; fileEncoding = 4; lastKnownFileType = sourcecode.cpp.objcpp; path = "NSObject+Foundation_IvarDescription.mm"; sourceTree = "<group>"; };
		4FE08D382B54FE80003D9FE2 /* ToolchainsViewController.hpp */ = {isa = PBXFileReference; lastKnownFileType = sourcecode.cpp.h; path = ToolchainsViewController.hpp; sourceTree = "<group>"; };
		4FE08D392B54FE80003D9FE2 /* ToolchainsViewController.mm */ = {isa = PBXFileReference; lastKnownFileType = sourcecode.cpp.objcpp; path = ToolchainsViewController.mm; sourceTree = "<group>"; };
		4FE08D422B5511B9003D9FE2 /* MainSidebarTableCellView.h */ = {isa = PBXFileReference; lastKnownFileType = sourcecode.c.h; path = MainSidebarTableCellView.h; sourceTree = "<group>"; };
		4FE08D432B5511B9003D9FE2 /* MainSidebarTableCellView.mm */ = {isa = PBXFileReference; lastKnownFileType = sourcecode.cpp.objcpp; path = MainSidebarTableCellView.mm; sourceTree = "<group>"; };
		4FE08D452B5511C3003D9FE2 /* MainSidebarTableCellView.xib */ = {isa = PBXFileReference; lastKnownFileType = file.xib; path = MainSidebarTableCellView.xib; sourceTree = "<group>"; };
/* End PBXFileReference section */

/* Begin PBXFrameworksBuildPhase section */
		4FE08D082B54EB1B003D9FE2 /* Frameworks */ = {
			isa = PBXFrameworksBuildPhase;
			buildActionMask = 2147483647;
			files = (
				4FE08D2A2B54F807003D9FE2 /* QuartzCore.framework in Frameworks */,
				4FE08D232B54EB34003D9FE2 /* SwainCore in Frameworks */,
				4FE08D262B54F7FF003D9FE2 /* CoreData.framework in Frameworks */,
				4FE08D2C2B54F80C003D9FE2 /* CoreGraphics.framework in Frameworks */,
				4FE08D282B54F803003D9FE2 /* Cocoa.framework in Frameworks */,
			);
			runOnlyForDeploymentPostprocessing = 0;
		};
/* End PBXFrameworksBuildPhase section */

/* Begin PBXGroup section */
		4FE08D022B54EB1B003D9FE2 = {
			isa = PBXGroup;
			children = (
				4FE08D0D2B54EB1B003D9FE2 /* Swain */,
				4FE08D0C2B54EB1B003D9FE2 /* Products */,
				4FE08D242B54F7FF003D9FE2 /* Frameworks */,
			);
			sourceTree = "<group>";
		};
		4FE08D0C2B54EB1B003D9FE2 /* Products */ = {
			isa = PBXGroup;
			children = (
				4FE08D0B2B54EB1B003D9FE2 /* Swain.app */,
			);
			name = Products;
			sourceTree = "<group>";
		};
		4FE08D0D2B54EB1B003D9FE2 /* Swain */ = {
			isa = PBXGroup;
			children = (
				4FE08D342B54FB79003D9FE2 /* NSObject+Foundation_IvarDescription.h */,
				4FE08D352B54FB79003D9FE2 /* NSObject+Foundation_IvarDescription.mm */,
				4FE08D0E2B54EB1B003D9FE2 /* AppDelegate.hpp */,
				4FE08D0F2B54EB1B003D9FE2 /* AppDelegate.mm */,
				4FE08D2D2B54F842003D9FE2 /* Main */,
				4FE08D372B54FE72003D9FE2 /* Toolchains */,
				4FE08D142B54EB1C003D9FE2 /* Assets.xcassets */,
				4FE08D192B54EB1C003D9FE2 /* main.mm */,
				4FE08D1B2B54EB1C003D9FE2 /* Swain.entitlements */,
			);
			path = Swain;
			sourceTree = "<group>";
		};
		4FE08D242B54F7FF003D9FE2 /* Frameworks */ = {
			isa = PBXGroup;
			children = (
				4FE08D2B2B54F80C003D9FE2 /* CoreGraphics.framework */,
				4FE08D292B54F807003D9FE2 /* QuartzCore.framework */,
				4FE08D272B54F803003D9FE2 /* Cocoa.framework */,
				4FE08D252B54F7FF003D9FE2 /* CoreData.framework */,
			);
			name = Frameworks;
			sourceTree = "<group>";
		};
		4FE08D2D2B54F842003D9FE2 /* Main */ = {
			isa = PBXGroup;
			children = (
				4FE08D2E2B54F8AB003D9FE2 /* MainWindow.hpp */,
				4FE08D2F2B54F8AB003D9FE2 /* MainWindow.mm */,
				4FE08D312B54FB2E003D9FE2 /* MainSidebarViewController.hpp */,
				4FE08D322B54FB2E003D9FE2 /* MainSidebarViewController.mm */,
				4FE08D422B5511B9003D9FE2 /* MainSidebarTableCellView.h */,
				4FE08D432B5511B9003D9FE2 /* MainSidebarTableCellView.mm */,
				4FE08D452B5511C3003D9FE2 /* MainSidebarTableCellView.xib */,
			);
			path = Main;
			sourceTree = "<group>";
		};
		4FE08D372B54FE72003D9FE2 /* Toolchains */ = {
			isa = PBXGroup;
			children = (
				4FE08D382B54FE80003D9FE2 /* ToolchainsViewController.hpp */,
				4FE08D392B54FE80003D9FE2 /* ToolchainsViewController.mm */,
			);
			path = Toolchains;
			sourceTree = "<group>";
		};
/* End PBXGroup section */

/* Begin PBXNativeTarget section */
		4FE08D0A2B54EB1B003D9FE2 /* Swain */ = {
			isa = PBXNativeTarget;
			buildConfigurationList = 4FE08D1E2B54EB1C003D9FE2 /* Build configuration list for PBXNativeTarget "Swain" */;
			buildPhases = (
				4FE08D072B54EB1B003D9FE2 /* Sources */,
				4FE08D082B54EB1B003D9FE2 /* Frameworks */,
				4FE08D092B54EB1B003D9FE2 /* Resources */,
			);
			buildRules = (
			);
			dependencies = (
			);
			name = Swain;
			packageProductDependencies = (
				4FE08D222B54EB34003D9FE2 /* SwainCore */,
			);
			productName = Swain;
			productReference = 4FE08D0B2B54EB1B003D9FE2 /* Swain.app */;
			productType = "com.apple.product-type.application";
		};
/* End PBXNativeTarget section */

/* Begin PBXProject section */
		4FE08D032B54EB1B003D9FE2 /* Project object */ = {
			isa = PBXProject;
			attributes = {
				BuildIndependentTargetsInParallel = 1;
				LastUpgradeCheck = 1520;
				TargetAttributes = {
					4FE08D0A2B54EB1B003D9FE2 = {
						CreatedOnToolsVersion = 15.2;
					};
				};
			};
			buildConfigurationList = 4FE08D062B54EB1B003D9FE2 /* Build configuration list for PBXProject "Swain" */;
			compatibilityVersion = "Xcode 14.0";
			developmentRegion = en;
			hasScannedForEncodings = 0;
			knownRegions = (
				en,
				Base,
			);
			mainGroup = 4FE08D022B54EB1B003D9FE2;
			packageReferences = (
				4FE08D212B54EB34003D9FE2 /* XCLocalSwiftPackageReference "SwainCore" */,
			);
			productRefGroup = 4FE08D0C2B54EB1B003D9FE2 /* Products */;
			projectDirPath = "";
			projectRoot = "";
			targets = (
				4FE08D0A2B54EB1B003D9FE2 /* Swain */,
			);
		};
/* End PBXProject section */

/* Begin PBXResourcesBuildPhase section */
		4FE08D092B54EB1B003D9FE2 /* Resources */ = {
			isa = PBXResourcesBuildPhase;
			buildActionMask = 2147483647;
			files = (
				4FE08D462B5511C3003D9FE2 /* MainSidebarTableCellView.xib in Resources */,
				4FE08D152B54EB1C003D9FE2 /* Assets.xcassets in Resources */,
			);
			runOnlyForDeploymentPostprocessing = 0;
		};
/* End PBXResourcesBuildPhase section */

/* Begin PBXSourcesBuildPhase section */
		4FE08D072B54EB1B003D9FE2 /* Sources */ = {
			isa = PBXSourcesBuildPhase;
			buildActionMask = 2147483647;
			files = (
				4FE08D332B54FB2E003D9FE2 /* MainSidebarViewController.mm in Sources */,
				4FE08D442B5511B9003D9FE2 /* MainSidebarTableCellView.mm in Sources */,
				4FE08D1A2B54EB1C003D9FE2 /* main.mm in Sources */,
				4FE08D362B54FB79003D9FE2 /* NSObject+Foundation_IvarDescription.mm in Sources */,
				4FE08D102B54EB1B003D9FE2 /* AppDelegate.mm in Sources */,
				4FE08D3A2B54FE80003D9FE2 /* ToolchainsViewController.mm in Sources */,
				4FE08D302B54F8AB003D9FE2 /* MainWindow.mm in Sources */,
			);
			runOnlyForDeploymentPostprocessing = 0;
		};
/* End PBXSourcesBuildPhase section */

/* Begin XCBuildConfiguration section */
		4FE08D1C2B54EB1C003D9FE2 /* Debug */ = {
			isa = XCBuildConfiguration;
			buildSettings = {
				ALWAYS_SEARCH_USER_PATHS = NO;
				ASSETCATALOG_COMPILER_GENERATE_SWIFT_ASSET_SYMBOL_EXTENSIONS = YES;
				CLANG_ANALYZER_NONNULL = YES;
				CLANG_ANALYZER_NUMBER_OBJECT_CONVERSION = YES_AGGRESSIVE;
				CLANG_CXX_LANGUAGE_STANDARD = "gnu++20";
				CLANG_ENABLE_MODULES = YES;
				CLANG_ENABLE_OBJC_ARC = NO;
				CLANG_ENABLE_OBJC_WEAK = YES;
				CLANG_WARN_BLOCK_CAPTURE_AUTORELEASING = YES;
				CLANG_WARN_BOOL_CONVERSION = YES;
				CLANG_WARN_COMMA = YES;
				CLANG_WARN_CONSTANT_CONVERSION = YES;
				CLANG_WARN_DEPRECATED_OBJC_IMPLEMENTATIONS = YES;
				CLANG_WARN_DIRECT_OBJC_ISA_USAGE = YES_ERROR;
				CLANG_WARN_DOCUMENTATION_COMMENTS = YES;
				CLANG_WARN_EMPTY_BODY = YES;
				CLANG_WARN_ENUM_CONVERSION = YES;
				CLANG_WARN_INFINITE_RECURSION = YES;
				CLANG_WARN_INT_CONVERSION = YES;
				CLANG_WARN_NON_LITERAL_NULL_CONVERSION = YES;
				CLANG_WARN_OBJC_IMPLICIT_RETAIN_SELF = YES;
				CLANG_WARN_OBJC_LITERAL_CONVERSION = YES;
				CLANG_WARN_OBJC_ROOT_CLASS = YES_ERROR;
				CLANG_WARN_QUOTED_INCLUDE_IN_FRAMEWORK_HEADER = YES;
				CLANG_WARN_RANGE_LOOP_ANALYSIS = YES;
				CLANG_WARN_STRICT_PROTOTYPES = YES;
				CLANG_WARN_SUSPICIOUS_MOVE = YES;
				CLANG_WARN_UNGUARDED_AVAILABILITY = YES_AGGRESSIVE;
				CLANG_WARN_UNREACHABLE_CODE = YES;
				CLANG_WARN__DUPLICATE_METHOD_MATCH = YES;
				COPY_PHASE_STRIP = NO;
				DEBUG_INFORMATION_FORMAT = dwarf;
				ENABLE_STRICT_OBJC_MSGSEND = YES;
				ENABLE_TESTABILITY = YES;
				ENABLE_USER_SCRIPT_SANDBOXING = YES;
				GCC_C_LANGUAGE_STANDARD = gnu17;
				GCC_DYNAMIC_NO_PIC = NO;
				GCC_NO_COMMON_BLOCKS = YES;
				GCC_OPTIMIZATION_LEVEL = 0;
				GCC_PREPROCESSOR_DEFINITIONS = (
					"DEBUG=1",
					"$(inherited)",
				);
				GCC_WARN_64_TO_32_BIT_CONVERSION = YES;
				GCC_WARN_ABOUT_RETURN_TYPE = YES_ERROR;
				GCC_WARN_UNDECLARED_SELECTOR = YES;
				GCC_WARN_UNINITIALIZED_AUTOS = YES_AGGRESSIVE;
				GCC_WARN_UNUSED_FUNCTION = YES;
				GCC_WARN_UNUSED_VARIABLE = YES;
				LOCALIZATION_PREFERS_STRING_CATALOGS = YES;
				MACOSX_DEPLOYMENT_TARGET = 14.2;
				MTL_ENABLE_DEBUG_INFO = INCLUDE_SOURCE;
				MTL_FAST_MATH = YES;
				ONLY_ACTIVE_ARCH = YES;
				SDKROOT = macosx;
			};
			name = Debug;
		};
		4FE08D1D2B54EB1C003D9FE2 /* Release */ = {
			isa = XCBuildConfiguration;
			buildSettings = {
				ALWAYS_SEARCH_USER_PATHS = NO;
				ASSETCATALOG_COMPILER_GENERATE_SWIFT_ASSET_SYMBOL_EXTENSIONS = YES;
				CLANG_ANALYZER_NONNULL = YES;
				CLANG_ANALYZER_NUMBER_OBJECT_CONVERSION = YES_AGGRESSIVE;
				CLANG_CXX_LANGUAGE_STANDARD = "gnu++20";
				CLANG_ENABLE_MODULES = YES;
				CLANG_ENABLE_OBJC_ARC = NO;
				CLANG_ENABLE_OBJC_WEAK = YES;
				CLANG_WARN_BLOCK_CAPTURE_AUTORELEASING = YES;
				CLANG_WARN_BOOL_CONVERSION = YES;
				CLANG_WARN_COMMA = YES;
				CLANG_WARN_CONSTANT_CONVERSION = YES;
				CLANG_WARN_DEPRECATED_OBJC_IMPLEMENTATIONS = YES;
				CLANG_WARN_DIRECT_OBJC_ISA_USAGE = YES_ERROR;
				CLANG_WARN_DOCUMENTATION_COMMENTS = YES;
				CLANG_WARN_EMPTY_BODY = YES;
				CLANG_WARN_ENUM_CONVERSION = YES;
				CLANG_WARN_INFINITE_RECURSION = YES;
				CLANG_WARN_INT_CONVERSION = YES;
				CLANG_WARN_NON_LITERAL_NULL_CONVERSION = YES;
				CLANG_WARN_OBJC_IMPLICIT_RETAIN_SELF = YES;
				CLANG_WARN_OBJC_LITERAL_CONVERSION = YES;
				CLANG_WARN_OBJC_ROOT_CLASS = YES_ERROR;
				CLANG_WARN_QUOTED_INCLUDE_IN_FRAMEWORK_HEADER = YES;
				CLANG_WARN_RANGE_LOOP_ANALYSIS = YES;
				CLANG_WARN_STRICT_PROTOTYPES = YES;
				CLANG_WARN_SUSPICIOUS_MOVE = YES;
				CLANG_WARN_UNGUARDED_AVAILABILITY = YES_AGGRESSIVE;
				CLANG_WARN_UNREACHABLE_CODE = YES;
				CLANG_WARN__DUPLICATE_METHOD_MATCH = YES;
				COPY_PHASE_STRIP = NO;
				DEBUG_INFORMATION_FORMAT = "dwarf-with-dsym";
				ENABLE_NS_ASSERTIONS = NO;
				ENABLE_STRICT_OBJC_MSGSEND = YES;
				ENABLE_USER_SCRIPT_SANDBOXING = YES;
				GCC_C_LANGUAGE_STANDARD = gnu17;
				GCC_NO_COMMON_BLOCKS = YES;
				GCC_WARN_64_TO_32_BIT_CONVERSION = YES;
				GCC_WARN_ABOUT_RETURN_TYPE = YES_ERROR;
				GCC_WARN_UNDECLARED_SELECTOR = YES;
				GCC_WARN_UNINITIALIZED_AUTOS = YES_AGGRESSIVE;
				GCC_WARN_UNUSED_FUNCTION = YES;
				GCC_WARN_UNUSED_VARIABLE = YES;
				LOCALIZATION_PREFERS_STRING_CATALOGS = YES;
				MACOSX_DEPLOYMENT_TARGET = 14.2;
				MTL_ENABLE_DEBUG_INFO = NO;
				MTL_FAST_MATH = YES;
				SDKROOT = macosx;
			};
			name = Release;
		};
		4FE08D1F2B54EB1C003D9FE2 /* Debug */ = {
			isa = XCBuildConfiguration;
			buildSettings = {
				ASSETCATALOG_COMPILER_APPICON_NAME = AppIcon;
				ASSETCATALOG_COMPILER_GLOBAL_ACCENT_COLOR_NAME = AccentColor;
				CODE_SIGN_ENTITLEMENTS = Swain/Swain.entitlements;
				CODE_SIGN_STYLE = Automatic;
				COMBINE_HIDPI_IMAGES = YES;
				CURRENT_PROJECT_VERSION = 1;
				DEVELOPMENT_TEAM = P53D29U9LJ;
				ENABLE_HARDENED_RUNTIME = YES;
				GENERATE_INFOPLIST_FILE = YES;
				INFOPLIST_KEY_NSHumanReadableCopyright = "";
				INFOPLIST_KEY_NSPrincipalClass = NSApplication;
				LD_RUNPATH_SEARCH_PATHS = (
					"$(inherited)",
					"@executable_path/../Frameworks",
				);
				MARKETING_VERSION = 1.0;
				OTHER_CPLUSPLUSFLAGS = (
					"$(OTHER_CFLAGS)",
					"-fcxx-modules",
				);
				PRODUCT_BUNDLE_IDENTIFIER = com.pookjw.Swain;
				PRODUCT_NAME = "$(TARGET_NAME)";
				SWIFT_EMIT_LOC_STRINGS = YES;
			};
			name = Debug;
		};
		4FE08D202B54EB1C003D9FE2 /* Release */ = {
			isa = XCBuildConfiguration;
			buildSettings = {
				ASSETCATALOG_COMPILER_APPICON_NAME = AppIcon;
				ASSETCATALOG_COMPILER_GLOBAL_ACCENT_COLOR_NAME = AccentColor;
				CODE_SIGN_ENTITLEMENTS = Swain/Swain.entitlements;
				CODE_SIGN_STYLE = Automatic;
				COMBINE_HIDPI_IMAGES = YES;
				CURRENT_PROJECT_VERSION = 1;
				DEVELOPMENT_TEAM = P53D29U9LJ;
				ENABLE_HARDENED_RUNTIME = YES;
				GENERATE_INFOPLIST_FILE = YES;
				INFOPLIST_KEY_NSHumanReadableCopyright = "";
				INFOPLIST_KEY_NSPrincipalClass = NSApplication;
				LD_RUNPATH_SEARCH_PATHS = (
					"$(inherited)",
					"@executable_path/../Frameworks",
				);
				MARKETING_VERSION = 1.0;
				OTHER_CPLUSPLUSFLAGS = (
					"$(OTHER_CFLAGS)",
					"-fcxx-modules",
				);
				PRODUCT_BUNDLE_IDENTIFIER = com.pookjw.Swain;
				PRODUCT_NAME = "$(TARGET_NAME)";
				SWIFT_EMIT_LOC_STRINGS = YES;
			};
			name = Release;
		};
/* End XCBuildConfiguration section */

/* Begin XCConfigurationList section */
		4FE08D062B54EB1B003D9FE2 /* Build configuration list for PBXProject "Swain" */ = {
			isa = XCConfigurationList;
			buildConfigurations = (
				4FE08D1C2B54EB1C003D9FE2 /* Debug */,
				4FE08D1D2B54EB1C003D9FE2 /* Release */,
			);
			defaultConfigurationIsVisible = 0;
			defaultConfigurationName = Release;
		};
		4FE08D1E2B54EB1C003D9FE2 /* Build configuration list for PBXNativeTarget "Swain" */ = {
			isa = XCConfigurationList;
			buildConfigurations = (
				4FE08D1F2B54EB1C003D9FE2 /* Debug */,
				4FE08D202B54EB1C003D9FE2 /* Release */,
			);
			defaultConfigurationIsVisible = 0;
			defaultConfigurationName = Release;
		};
/* End XCConfigurationList section */

/* Begin XCLocalSwiftPackageReference section */
		4FE08D212B54EB34003D9FE2 /* XCLocalSwiftPackageReference "SwainCore" */ = {
			isa = XCLocalSwiftPackageReference;
			relativePath = SwainCore;
		};
/* End XCLocalSwiftPackageReference section */

/* Begin XCSwiftPackageProductDependency section */
		4FE08D222B54EB34003D9FE2 /* SwainCore */ = {
			isa = XCSwiftPackageProductDependency;
			productName = SwainCore;
		};
/* End XCSwiftPackageProductDependency section */
	};
	rootObject = 4FE08D032B54EB1B003D9FE2 /* Project object */;
}
